
Microsoft Visual Studio Solution File, Format Version 12.00
# Visual Studio Version 17
VisualStudioVersion = 17.9.34310.174
MinimumVisualStudioVersion = 10.0.40219.1
Project("{FAE04EC0-301F-11D3-BF4B-00C04F79EFBC}") = "HelloApp", "HelloApp\HelloApp.csproj", "{B2B792F4-8A55-4BF5-AC8A-61145B41F093}"
EndProject
Global
	GlobalSection(SolutionConfigurationPlatforms) = preSolution
		Debug|Any CPU = Debug|Any CPU
		Release|Any CPU = Release|Any CPU
	EndGlobalSection
	GlobalSection(ProjectConfigurationPlatforms) = postSolution
		{B2B792F4-8A55-4BF5-AC8A-61145B41F093}.Debug|Any CPU.ActiveCfg = Debug|Any CPU
		{B2B792F4-8A55-4BF5-AC8A-61145B41F093}.Debug|Any CPU.Build.0 = Debug|Any CPU
		{B2B792F4-8A55-4BF5-AC8A-61145B41F093}.Release|Any CPU.ActiveCfg = Release|Any CPU
		{B2B792F4-8A55-4BF5-AC8A-61145B41F093}.Release|Any CPU.Build.0 = Release|Any CPU
	EndGlobalSection
	GlobalSection(SolutionProperties) = preSolution
		HideSolutionNode = FALSE
	EndGlobalSection
	GlobalSection(ExtensibilityGlobals) = postSolution
		SolutionGuid = {CAF897E9-4217-4250-9CAC-3A0F32FD1DC2}
	EndGlobalSection
EndGlobal
